
Microsoft Visual Studio Solution File, Format Version 12.00
# Visual Studio Version 17
VisualStudioVersion = 17.7.34031.279
MinimumVisualStudioVersion = 10.0.40219.1
Project("{FAE04EC0-301F-11D3-BF4B-00C04F79EFBC}") = "BookCafe.Backend", "BookCafe.Backend\BookCafe.Backend.csproj", "{09752534-B47F-4F6B-87A6-D3AD855E2291}"
EndProject
Project("{FAE04EC0-301F-11D3-BF4B-00C04F79EFBC}") = "BookCafe.Server", "BookCafe.Server\BookCafe.Server.csproj", "{3A6FE077-E623-4187-AD54-45AD57179A72}"
EndProject
Global
	GlobalSection(SolutionConfigurationPlatforms) = preSolution
		Debug|Any CPU = Debug|Any CPU
		Release|Any CPU = Release|Any CPU
	EndGlobalSection
	GlobalSection(ProjectConfigurationPlatforms) = postSolution
		{09752534-B47F-4F6B-87A6-D3AD855E2291}.Debug|Any CPU.ActiveCfg = Debug|Any CPU
		{09752534-B47F-4F6B-87A6-D3AD855E2291}.Debug|Any CPU.Build.0 = Debug|Any CPU
		{09752534-B47F-4F6B-87A6-D3AD855E2291}.Release|Any CPU.ActiveCfg = Release|Any CPU
		{09752534-B47F-4F6B-87A6-D3AD855E2291}.Release|Any CPU.Build.0 = Release|Any CPU
		{3A6FE077-E623-4187-AD54-45AD57179A72}.Debug|Any CPU.ActiveCfg = Debug|Any CPU
		{3A6FE077-E623-4187-AD54-45AD57179A72}.Debug|Any CPU.Build.0 = Debug|Any CPU
		{3A6FE077-E623-4187-AD54-45AD57179A72}.Release|Any CPU.ActiveCfg = Release|Any CPU
		{3A6FE077-E623-4187-AD54-45AD57179A72}.Release|Any CPU.Build.0 = Release|Any CPU
	EndGlobalSection
	GlobalSection(SolutionProperties) = preSolution
		HideSolutionNode = FALSE
	EndGlobalSection
	GlobalSection(ExtensibilityGlobals) = postSolution
		SolutionGuid = {02E86A6A-A814-4534-BC74-8FCB0B4E68F6}
	EndGlobalSection
EndGlobal
